// !$*UTF8*$!
{
	archiveVersion = 1;
	classes = {
	};
	objectVersion = 50;
	objects = {

/* Begin PBXBuildFile section */
		1DBF135E252FA3B800F8E477 /* AppDelegate.swift in Sources */ = {isa = PBXBuildFile; fileRef = 1DBF135D252FA3B800F8E477 /* AppDelegate.swift */; };
		1DBF1360252FA3B800F8E477 /* SceneDelegate.swift in Sources */ = {isa = PBXBuildFile; fileRef = 1DBF135F252FA3B800F8E477 /* SceneDelegate.swift */; };
		1DBF1365252FA3B800F8E477 /* Main.storyboard in Resources */ = {isa = PBXBuildFile; fileRef = 1DBF1363252FA3B800F8E477 /* Main.storyboard */; };
		1DBF1367252FA3BC00F8E477 /* Assets.xcassets in Resources */ = {isa = PBXBuildFile; fileRef = 1DBF1366252FA3BC00F8E477 /* Assets.xcassets */; };
		1DBF136A252FA3BC00F8E477 /* LaunchScreen.storyboard in Resources */ = {isa = PBXBuildFile; fileRef = 1DBF1368252FA3BC00F8E477 /* LaunchScreen.storyboard */; };
		1DBF1374252FA44D00F8E477 /* TableViewController.swift in Sources */ = {isa = PBXBuildFile; fileRef = 1DBF1373252FA44D00F8E477 /* TableViewController.swift */; };
		1DBF1377252FA48D00F8E477 /* Profile.swift in Sources */ = {isa = PBXBuildFile; fileRef = 1DBF1376252FA48D00F8E477 /* Profile.swift */; };
		1DBF137A252FA6A500F8E477 /* TableViewCell.swift in Sources */ = {isa = PBXBuildFile; fileRef = 1DBF1379252FA6A500F8E477 /* TableViewCell.swift */; };
		1DBF138225300DD700F8E477 /* ViewModel.swift in Sources */ = {isa = PBXBuildFile; fileRef = 1DBF138125300DD700F8E477 /* ViewModel.swift */; };
		1DBF13852530104700F8E477 /* TableViewViewModelType.swift in Sources */ = {isa = PBXBuildFile; fileRef = 1DBF13842530104700F8E477 /* TableViewViewModelType.swift */; };
		1DBF138F2530155900F8E477 /* TableViewCellViewModelType.swift in Sources */ = {isa = PBXBuildFile; fileRef = 1DBF138E2530155900F8E477 /* TableViewCellViewModelType.swift */; };
		1DBF1392253016B500F8E477 /* TableViewCellViewModel.swift in Sources */ = {isa = PBXBuildFile; fileRef = 1DBF1391253016B500F8E477 /* TableViewCellViewModel.swift */; };
/* End PBXBuildFile section */

/* Begin PBXFileReference section */
		1DBF135A252FA3B800F8E477 /* MVVM-2.app */ = {isa = PBXFileReference; explicitFileType = wrapper.application; includeInIndex = 0; path = "MVVM-2.app"; sourceTree = BUILT_PRODUCTS_DIR; };
		1DBF135D252FA3B800F8E477 /* AppDelegate.swift */ = {isa = PBXFileReference; lastKnownFileType = sourcecode.swift; path = AppDelegate.swift; sourceTree = "<group>"; };
		1DBF135F252FA3B800F8E477 /* SceneDelegate.swift */ = {isa = PBXFileReference; lastKnownFileType = sourcecode.swift; path = SceneDelegate.swift; sourceTree = "<group>"; };
		1DBF1364252FA3B800F8E477 /* Base */ = {isa = PBXFileReference; lastKnownFileType = file.storyboard; name = Base; path = Base.lproj/Main.storyboard; sourceTree = "<group>"; };
		1DBF1366252FA3BC00F8E477 /* Assets.xcassets */ = {isa = PBXFileReference; lastKnownFileType = folder.assetcatalog; path = Assets.xcassets; sourceTree = "<group>"; };
		1DBF1369252FA3BC00F8E477 /* Base */ = {isa = PBXFileReference; lastKnownFileType = file.storyboard; name = Base; path = Base.lproj/LaunchScreen.storyboard; sourceTree = "<group>"; };
		1DBF136B252FA3BC00F8E477 /* Info.plist */ = {isa = PBXFileReference; lastKnownFileType = text.plist.xml; path = Info.plist; sourceTree = "<group>"; };
		1DBF1373252FA44D00F8E477 /* TableViewController.swift */ = {isa = PBXFileReference; lastKnownFileType = sourcecode.swift; path = TableViewController.swift; sourceTree = "<group>"; };
		1DBF1376252FA48D00F8E477 /* Profile.swift */ = {isa = PBXFileReference; lastKnownFileType = sourcecode.swift; path = Profile.swift; sourceTree = "<group>"; };
		1DBF1379252FA6A500F8E477 /* TableViewCell.swift */ = {isa = PBXFileReference; lastKnownFileType = sourcecode.swift; path = TableViewCell.swift; sourceTree = "<group>"; };
		1DBF138125300DD700F8E477 /* ViewModel.swift */ = {isa = PBXFileReference; lastKnownFileType = sourcecode.swift; path = ViewModel.swift; sourceTree = "<group>"; };
		1DBF13842530104700F8E477 /* TableViewViewModelType.swift */ = {isa = PBXFileReference; lastKnownFileType = sourcecode.swift; path = TableViewViewModelType.swift; sourceTree = "<group>"; };
		1DBF138E2530155900F8E477 /* TableViewCellViewModelType.swift */ = {isa = PBXFileReference; lastKnownFileType = sourcecode.swift; path = TableViewCellViewModelType.swift; sourceTree = "<group>"; };
		1DBF1391253016B500F8E477 /* TableViewCellViewModel.swift */ = {isa = PBXFileReference; lastKnownFileType = sourcecode.swift; path = TableViewCellViewModel.swift; sourceTree = "<group>"; };
/* End PBXFileReference section */

/* Begin PBXFrameworksBuildPhase section */
		1DBF1357252FA3B800F8E477 /* Frameworks */ = {
			isa = PBXFrameworksBuildPhase;
			buildActionMask = 2147483647;
			files = (
			);
			runOnlyForDeploymentPostprocessing = 0;
		};
/* End PBXFrameworksBuildPhase section */

/* Begin PBXGroup section */
		1DBF1351252FA3B800F8E477 = {
			isa = PBXGroup;
			children = (
				1DBF135C252FA3B800F8E477 /* MVVM-2 */,
				1DBF135B252FA3B800F8E477 /* Products */,
			);
			sourceTree = "<group>";
		};
		1DBF135B252FA3B800F8E477 /* Products */ = {
			isa = PBXGroup;
			children = (
				1DBF135A252FA3B800F8E477 /* MVVM-2.app */,
			);
			name = Products;
			sourceTree = "<group>";
		};
		1DBF135C252FA3B800F8E477 /* MVVM-2 */ = {
			isa = PBXGroup;
			children = (
				1DBF135D252FA3B800F8E477 /* AppDelegate.swift */,
				1DBF135F252FA3B800F8E477 /* SceneDelegate.swift */,
				1DBF13892530112C00F8E477 /* Protocols */,
				1DBF137C252FA76300F8E477 /* Model */,
				1DBF137E252FA76D00F8E477 /* View */,
				1DBF13872530110200F8E477 /* ViewModel */,
				1DBF1363252FA3B800F8E477 /* Main.storyboard */,
				1DBF1366252FA3BC00F8E477 /* Assets.xcassets */,
				1DBF1368252FA3BC00F8E477 /* LaunchScreen.storyboard */,
				1DBF136B252FA3BC00F8E477 /* Info.plist */,
			);
			path = "MVVM-2";
			sourceTree = "<group>";
		};
		1DBF137C252FA76300F8E477 /* Model */ = {
			isa = PBXGroup;
			children = (
				1DBF1376252FA48D00F8E477 /* Profile.swift */,
			);
			path = Model;
			sourceTree = "<group>";
		};
		1DBF137E252FA76D00F8E477 /* View */ = {
			isa = PBXGroup;
			children = (
				1DBF1373252FA44D00F8E477 /* TableViewController.swift */,
				1DBF1379252FA6A500F8E477 /* TableViewCell.swift */,
			);
			path = View;
			sourceTree = "<group>";
		};
		1DBF13872530110200F8E477 /* ViewModel */ = {
			isa = PBXGroup;
			children = (
				1DBF138125300DD700F8E477 /* ViewModel.swift */,
				1DBF1391253016B500F8E477 /* TableViewCellViewModel.swift */,
			);
			path = ViewModel;
			sourceTree = "<group>";
		};
		1DBF13892530112C00F8E477 /* Protocols */ = {
			isa = PBXGroup;
			children = (
				1DBF13842530104700F8E477 /* TableViewViewModelType.swift */,
				1DBF138E2530155900F8E477 /* TableViewCellViewModelType.swift */,
			);
			path = Protocols;
			sourceTree = "<group>";
		};
/* End PBXGroup section */

/* Begin PBXNativeTarget section */
		1DBF1359252FA3B800F8E477 /* MVVM-2 */ = {
			isa = PBXNativeTarget;
			buildConfigurationList = 1DBF136E252FA3BC00F8E477 /* Build configuration list for PBXNativeTarget "MVVM-2" */;
			buildPhases = (
				1DBF1356252FA3B800F8E477 /* Sources */,
				1DBF1357252FA3B800F8E477 /* Frameworks */,
				1DBF1358252FA3B800F8E477 /* Resources */,
			);
			buildRules = (
			);
			dependencies = (
			);
			name = "MVVM-2";
			productName = "MVVM-2";
			productReference = 1DBF135A252FA3B800F8E477 /* MVVM-2.app */;
			productType = "com.apple.product-type.application";
		};
/* End PBXNativeTarget section */

/* Begin PBXProject section */
		1DBF1352252FA3B800F8E477 /* Project object */ = {
			isa = PBXProject;
			attributes = {
				LastSwiftUpdateCheck = 1200;
				LastUpgradeCheck = 1200;
				TargetAttributes = {
					1DBF1359252FA3B800F8E477 = {
						CreatedOnToolsVersion = 12.0.1;
					};
				};
			};
			buildConfigurationList = 1DBF1355252FA3B800F8E477 /* Build configuration list for PBXProject "MVVM-2" */;
			compatibilityVersion = "Xcode 9.3";
			developmentRegion = en;
			hasScannedForEncodings = 0;
			knownRegions = (
				en,
				Base,
			);
			mainGroup = 1DBF1351252FA3B800F8E477;
			productRefGroup = 1DBF135B252FA3B800F8E477 /* Products */;
			projectDirPath = "";
			projectRoot = "";
			targets = (
				1DBF1359252FA3B800F8E477 /* MVVM-2 */,
			);
		};
/* End PBXProject section */

/* Begin PBXResourcesBuildPhase section */
		1DBF1358252FA3B800F8E477 /* Resources */ = {
			isa = PBXResourcesBuildPhase;
			buildActionMask = 2147483647;
			files = (
				1DBF136A252FA3BC00F8E477 /* LaunchScreen.storyboard in Resources */,
				1DBF1367252FA3BC00F8E477 /* Assets.xcassets in Resources */,
				1DBF1365252FA3B800F8E477 /* Main.storyboard in Resources */,
			);
			runOnlyForDeploymentPostprocessing = 0;
		};
/* End PBXResourcesBuildPhase section */

/* Begin PBXSourcesBuildPhase section */
		1DBF1356252FA3B800F8E477 /* Sources */ = {
			isa = PBXSourcesBuildPhase;
			buildActionMask = 2147483647;
			files = (
				1DBF138F2530155900F8E477 /* TableViewCellViewModelType.swift in Sources */,
				1DBF137A252FA6A500F8E477 /* TableViewCell.swift in Sources */,
				1DBF135E252FA3B800F8E477 /* AppDelegate.swift in Sources */,
				1DBF1377252FA48D00F8E477 /* Profile.swift in Sources */,
				1DBF1374252FA44D00F8E477 /* TableViewController.swift in Sources */,
				1DBF13852530104700F8E477 /* TableViewViewModelType.swift in Sources */,
				1DBF1392253016B500F8E477 /* TableViewCellViewModel.swift in Sources */,
				1DBF138225300DD700F8E477 /* ViewModel.swift in Sources */,
				1DBF1360252FA3B800F8E477 /* SceneDelegate.swift in Sources */,
			);
			runOnlyForDeploymentPostprocessing = 0;
		};
/* End PBXSourcesBuildPhase section */

/* Begin PBXVariantGroup section */
		1DBF1363252FA3B800F8E477 /* Main.storyboard */ = {
			isa = PBXVariantGroup;
			children = (
				1DBF1364252FA3B800F8E477 /* Base */,
			);
			name = Main.storyboard;
			sourceTree = "<group>";
		};
		1DBF1368252FA3BC00F8E477 /* LaunchScreen.storyboard */ = {
			isa = PBXVariantGroup;
			children = (
				1DBF1369252FA3BC00F8E477 /* Base */,
			);
			name = LaunchScreen.storyboard;
			sourceTree = "<group>";
		};
/* End PBXVariantGroup section */

/* Begin XCBuildConfiguration section */
		1DBF136C252FA3BC00F8E477 /* Debug */ = {
			isa = XCBuildConfiguration;
			buildSettings = {
				ALWAYS_SEARCH_USER_PATHS = NO;
				CLANG_ANALYZER_NONNULL = YES;
				CLANG_ANALYZER_NUMBER_OBJECT_CONVERSION = YES_AGGRESSIVE;
				CLANG_CXX_LANGUAGE_STANDARD = "gnu++14";
				CLANG_CXX_LIBRARY = "libc++";
				CLANG_ENABLE_MODULES = YES;
				CLANG_ENABLE_OBJC_ARC = YES;
				CLANG_ENABLE_OBJC_WEAK = YES;
				CLANG_WARN_BLOCK_CAPTURE_AUTORELEASING = YES;
				CLANG_WARN_BOOL_CONVERSION = YES;
				CLANG_WARN_COMMA = YES;
				CLANG_WARN_CONSTANT_CONVERSION = YES;
				CLANG_WARN_DEPRECATED_OBJC_IMPLEMENTATIONS = YES;
				CLANG_WARN_DIRECT_OBJC_ISA_USAGE = YES_ERROR;
				CLANG_WARN_DOCUMENTATION_COMMENTS = YES;
				CLANG_WARN_EMPTY_BODY = YES;
				CLANG_WARN_ENUM_CONVERSION = YES;
				CLANG_WARN_INFINITE_RECURSION = YES;
				CLANG_WARN_INT_CONVERSION = YES;
				CLANG_WARN_NON_LITERAL_NULL_CONVERSION = YES;
				CLANG_WARN_OBJC_IMPLICIT_RETAIN_SELF = YES;
				CLANG_WARN_OBJC_LITERAL_CONVERSION = YES;
				CLANG_WARN_OBJC_ROOT_CLASS = YES_ERROR;
				CLANG_WARN_QUOTED_INCLUDE_IN_FRAMEWORK_HEADER = YES;
				CLANG_WARN_RANGE_LOOP_ANALYSIS = YES;
				CLANG_WARN_STRICT_PROTOTYPES = YES;
				CLANG_WARN_SUSPICIOUS_MOVE = YES;
				CLANG_WARN_UNGUARDED_AVAILABILITY = YES_AGGRESSIVE;
				CLANG_WARN_UNREACHABLE_CODE = YES;
				CLANG_WARN__DUPLICATE_METHOD_MATCH = YES;
				COPY_PHASE_STRIP = NO;
				DEBUG_INFORMATION_FORMAT = dwarf;
				ENABLE_STRICT_OBJC_MSGSEND = YES;
				ENABLE_TESTABILITY = YES;
				GCC_C_LANGUAGE_STANDARD = gnu11;
				GCC_DYNAMIC_NO_PIC = NO;
				GCC_NO_COMMON_BLOCKS = YES;
				GCC_OPTIMIZATION_LEVEL = 0;
				GCC_PREPROCESSOR_DEFINITIONS = (
					"DEBUG=1",
					"$(inherited)",
				);
				GCC_WARN_64_TO_32_BIT_CONVERSION = YES;
				GCC_WARN_ABOUT_RETURN_TYPE = YES_ERROR;
				GCC_WARN_UNDECLARED_SELECTOR = YES;
				GCC_WARN_UNINITIALIZED_AUTOS = YES_AGGRESSIVE;
				GCC_WARN_UNUSED_FUNCTION = YES;
				GCC_WARN_UNUSED_VARIABLE = YES;
				IPHONEOS_DEPLOYMENT_TARGET = 14.0;
				MTL_ENABLE_DEBUG_INFO = INCLUDE_SOURCE;
				MTL_FAST_MATH = YES;
				ONLY_ACTIVE_ARCH = YES;
				SDKROOT = iphoneos;
				SWIFT_ACTIVE_COMPILATION_CONDITIONS = DEBUG;
				SWIFT_OPTIMIZATION_LEVEL = "-Onone";
			};
			name = Debug;
		};
		1DBF136D252FA3BC00F8E477 /* Release */ = {
			isa = XCBuildConfiguration;
			buildSettings = {
				ALWAYS_SEARCH_USER_PATHS = NO;
				CLANG_ANALYZER_NONNULL = YES;
				CLANG_ANALYZER_NUMBER_OBJECT_CONVERSION = YES_AGGRESSIVE;
				CLANG_CXX_LANGUAGE_STANDARD = "gnu++14";
				CLANG_CXX_LIBRARY = "libc++";
				CLANG_ENABLE_MODULES = YES;
				CLANG_ENABLE_OBJC_ARC = YES;
				CLANG_ENABLE_OBJC_WEAK = YES;
				CLANG_WARN_BLOCK_CAPTURE_AUTORELEASING = YES;
				CLANG_WARN_BOOL_CONVERSION = YES;
				CLANG_WARN_COMMA = YES;
				CLANG_WARN_CONSTANT_CONVERSION = YES;
				CLANG_WARN_DEPRECATED_OBJC_IMPLEMENTATIONS = YES;
				CLANG_WARN_DIRECT_OBJC_ISA_USAGE = YES_ERROR;
				CLANG_WARN_DOCUMENTATION_COMMENTS = YES;
				CLANG_WARN_EMPTY_BODY = YES;
				CLANG_WARN_ENUM_CONVERSION = YES;
				CLANG_WARN_INFINITE_RECURSION = YES;
				CLANG_WARN_INT_CONVERSION = YES;
				CLANG_WARN_NON_LITERAL_NULL_CONVERSION = YES;
				CLANG_WARN_OBJC_IMPLICIT_RETAIN_SELF = YES;
				CLANG_WARN_OBJC_LITERAL_CONVERSION = YES;
				CLANG_WARN_OBJC_ROOT_CLASS = YES_ERROR;
				CLANG_WARN_QUOTED_INCLUDE_IN_FRAMEWORK_HEADER = YES;
				CLANG_WARN_RANGE_LOOP_ANALYSIS = YES;
				CLANG_WARN_STRICT_PROTOTYPES = YES;
				CLANG_WARN_SUSPICIOUS_MOVE = YES;
				CLANG_WARN_UNGUARDED_AVAILABILITY = YES_AGGRESSIVE;
				CLANG_WARN_UNREACHABLE_CODE = YES;
				CLANG_WARN__DUPLICATE_METHOD_MATCH = YES;
				COPY_PHASE_STRIP = NO;
				DEBUG_INFORMATION_FORMAT = "dwarf-with-dsym";
				ENABLE_NS_ASSERTIONS = NO;
				ENABLE_STRICT_OBJC_MSGSEND = YES;
				GCC_C_LANGUAGE_STANDARD = gnu11;
				GCC_NO_COMMON_BLOCKS = YES;
				GCC_WARN_64_TO_32_BIT_CONVERSION = YES;
				GCC_WARN_ABOUT_RETURN_TYPE = YES_ERROR;
				GCC_WARN_UNDECLARED_SELECTOR = YES;
				GCC_WARN_UNINITIALIZED_AUTOS = YES_AGGRESSIVE;
				GCC_WARN_UNUSED_FUNCTION = YES;
				GCC_WARN_UNUSED_VARIABLE = YES;
				IPHONEOS_DEPLOYMENT_TARGET = 14.0;
				MTL_ENABLE_DEBUG_INFO = NO;
				MTL_FAST_MATH = YES;
				SDKROOT = iphoneos;
				SWIFT_COMPILATION_MODE = wholemodule;
				SWIFT_OPTIMIZATION_LEVEL = "-O";
				VALIDATE_PRODUCT = YES;
			};
			name = Release;
		};
		1DBF136F252FA3BC00F8E477 /* Debug */ = {
			isa = XCBuildConfiguration;
			buildSettings = {
				ASSETCATALOG_COMPILER_APPICON_NAME = AppIcon;
				ASSETCATALOG_COMPILER_GLOBAL_ACCENT_COLOR_NAME = AccentColor;
				CODE_SIGN_STYLE = Automatic;
				DEVELOPMENT_TEAM = YRW2J72KS5;
				INFOPLIST_FILE = "MVVM-2/Info.plist";
				LD_RUNPATH_SEARCH_PATHS = (
					"$(inherited)",
					"@executable_path/Frameworks",
				);
				PRODUCT_BUNDLE_IDENTIFIER = "com.pavel-chernyshev.MVVM-2";
				PRODUCT_NAME = "$(TARGET_NAME)";
				SWIFT_VERSION = 5.0;
				TARGETED_DEVICE_FAMILY = "1,2";
			};
			name = Debug;
		};
		1DBF1370252FA3BC00F8E477 /* Release */ = {
			isa = XCBuildConfiguration;
			buildSettings = {
				ASSETCATALOG_COMPILER_APPICON_NAME = AppIcon;
				ASSETCATALOG_COMPILER_GLOBAL_ACCENT_COLOR_NAME = AccentColor;
				CODE_SIGN_STYLE = Automatic;
				DEVELOPMENT_TEAM = YRW2J72KS5;
				INFOPLIST_FILE = "MVVM-2/Info.plist";
				LD_RUNPATH_SEARCH_PATHS = (
					"$(inherited)",
					"@executable_path/Frameworks",
				);
				PRODUCT_BUNDLE_IDENTIFIER = "com.pavel-chernyshev.MVVM-2";
				PRODUCT_NAME = "$(TARGET_NAME)";
				SWIFT_VERSION = 5.0;
				TARGETED_DEVICE_FAMILY = "1,2";
			};
			name = Release;
		};
/* End XCBuildConfiguration section */

/* Begin XCConfigurationList section */
		1DBF1355252FA3B800F8E477 /* Build configuration list for PBXProject "MVVM-2" */ = {
			isa = XCConfigurationList;
			buildConfigurations = (
				1DBF136C252FA3BC00F8E477 /* Debug */,
				1DBF136D252FA3BC00F8E477 /* Release */,
			);
			defaultConfigurationIsVisible = 0;
			defaultConfigurationName = Release;
		};
		1DBF136E252FA3BC00F8E477 /* Build configuration list for PBXNativeTarget "MVVM-2" */ = {
			isa = XCConfigurationList;
			buildConfigurations = (
				1DBF136F252FA3BC00F8E477 /* Debug */,
				1DBF1370252FA3BC00F8E477 /* Release */,
			);
			defaultConfigurationIsVisible = 0;
			defaultConfigurationName = Release;
		};
/* End XCConfigurationList section */
	};
	rootObject = 1DBF1352252FA3B800F8E477 /* Project object */;
}
